
Microsoft Visual Studio Solution File, Format Version 12.00
# Visual Studio Version 18
VisualStudioVersion = 18.9.12120.119
MinimumVisualStudioVersion = 10.0.40219.1
Project("{FAE04EC0-301F-11D3-BF4B-00C04F79EFBC}") = "Inventor2023AIAssistant", "Inventor2023AIAssistant.csproj", "{9031BCE0-8AD8-4188-99E9-DCFEC8591064}"
EndProject
Project("{54435603-DBB4-11D2-8724-00A0C9A8B90C}") = "AISetup", "AISetup\AISetup.vdproj", "{C99805C6-0096-CC57-650D-7F9040ACA119}"
EndProject
Global
	GlobalSection(SolutionConfigurationPlatforms) = preSolution
		Debug|Any CPU = Debug|Any CPU
		Release|Any CPU = Release|Any CPU
	EndGlobalSection
	GlobalSection(ProjectConfigurationPlatforms) = postSolution
		{9031BCE0-8AD8-4188-99E9-DCFEC8591064}.Debug|Any CPU.ActiveCfg = Debug|Any CPU
		{9031BCE0-8AD8-4188-99E9-DCFEC8591064}.Debug|Any CPU.Build.0 = Debug|Any CPU
		{9031BCE0-8AD8-4188-99E9-DCFEC8591064}.Release|Any CPU.ActiveCfg = Release|Any CPU
		{9031BCE0-8AD8-4188-99E9-DCFEC8591064}.Release|Any CPU.Build.0 = Release|Any CPU
		{C99805C6-0096-CC57-650D-7F9040ACA119}.Debug|Any CPU.ActiveCfg = Debug
		{C99805C6-0096-CC57-650D-7F9040ACA119}.Debug|Any CPU.Build.0 = Debug
		{C99805C6-0096-CC57-650D-7F9040ACA119}.Release|Any CPU.ActiveCfg = Release
		{C99805C6-0096-CC57-650D-7F9040ACA119}.Release|Any CPU.Build.0 = Release
	EndGlobalSection
	GlobalSection(SolutionProperties) = preSolution
		HideSolutionNode = FALSE
	EndGlobalSection
	GlobalSection(ExtensibilityGlobals) = postSolution
		SolutionGuid = {F84C3159-1684-47DC-8F9A-18545B2B49D6}
	EndGlobalSection
EndGlobal
